# THIS IS AN AUTOGENERATED FILE. DO NOT EDIT THIS FILE DIRECTLY.
# yarn lockfile v1


react-native-datatable-component-adalo@^1.0.0:
  version "1.0.0"
  resolved "https://registry.yarnpkg.com/react-native-datatable-component-adalo/-/react-native-datatable-component-adalo-1.0.0.tgz#4532a0012d8546401642739fa5328dd9894a5dee"
  integrity sha512-gsqks7wrRiLd29NhcyG8+Sj7od4KEDqjbarl0mIeuPE0NZ6GSeOACcBemJ1kva7ux6OOjnk+RsWGImQfflxGJg==
